<?xml version="1.0" encoding="utf-8"?>
<Project ToolsVersion="4.0" xmlns="http://schemas.microsoft.com/developer/msbuild/2003">
  <ItemGroup>
    <Filter Include="Resource Files">
      <UniqueIdentifier>{D9D6E242-F8AF-46E4-B9FD-80ECBC20BA3E}</UniqueIdentifier>
      <Extensions>qrc;*</Extensions>
      <ParseFiles>false</ParseFiles>
    </Filter>
    <Filter Include="Source FIles">
      <UniqueIdentifier>{614d0072-7097-46ca-953b-18f5f2682ae2}</UniqueIdentifier>
    </Filter>
    <Filter Include="Header Files">
      <UniqueIdentifier>{637aae13-04bd-4269-9aeb-4ad76798bb77}</UniqueIdentifier>
    </Filter>
    <Filter Include="Generated Files">
      <UniqueIdentifier>{71ED8ED8-ACB9-4CE9-BBE1-E00B30144E11}</UniqueIdentifier>
      <Extensions>moc;h;cpp</Extensions>
      <ParseFiles>true</ParseFiles>
    </Filter>
  </ItemGroup>
  <ItemGroup>
    <ClCompile Include="miner-xmrstakcpunotls.cpp">
      <Filter>Source FIles</Filter>
    </ClCompile>
    <ClCompile Include="..\..\..\..\intermediate\miner-xmrstakcpunotls\Debug\moc_miner-xmrstakcpunotls.cpp">
      <Filter>Generated Files</Filter>
    </ClCompile>
    <ClCompile Include="..\..\..\..\intermediate\miner-xmrstakcpunotls\Release\moc_miner-xmrstakcpunotls.cpp">
      <Filter>Generated Files</Filter>
    </ClCompile>
    <ClCompile Include="minerworker-xmrstakcpunotls.cpp">
      <Filter>Source FIles</Filter>
    </ClCompile>
    <ClCompile Include="log.cpp">
      <Filter>Source FIles</Filter>
    </ClCompile>
    <ClCompile Include="..\..\..\..\intermediate\miner-xmrstakcpunotls\Debug\moc_minerworker-xmrstakcpunotls.cpp">
      <Filter>Generated Files</Filter>
    </ClCompile>
    <ClCompile Include="..\..\..\..\intermediate\miner-xmrstakcpunotls\Release\moc_minerworker-xmrstakcpunotls.cpp">
      <Filter>Generated Files</Filter>
    </ClCompile>
    <ClCompile Include="..\..\..\..\intermediate\miner-xmrstakcpunotls\Debug\moc_minerinterface.cpp">
      <Filter>Generated Files</Filter>
    </ClCompile>
    <ClCompile Include="..\..\..\..\intermediate\miner-xmrstakcpunotls\Release\moc_minerinterface.cpp">
      <Filter>Generated Files</Filter>
    </ClCompile>
    <ClCompile Include="..\..\..\..\intermediate\miner-xmrstakcpunotls\Debug\moc_minerworkerinterface.cpp">
      <Filter>Generated Files</Filter>
    </ClCompile>
    <ClCompile Include="..\..\..\..\intermediate\miner-xmrstakcpunotls\Release\moc_minerworkerinterface.cpp">
      <Filter>Generated Files</Filter>
    </ClCompile>
    <ClCompile Include="..\minerworkercommon.cpp">
      <Filter>Source FIles</Filter>
    </ClCompile>
    <ClCompile Include="..\..\common\mineroptions.cpp">
      <Filter>Source FIles</Filter>
    </ClCompile>
  </ItemGroup>
  <ItemGroup>
    <CustomBuild Include="miner-xmrstakcpunotls.h">
      <Filter>Header Files</Filter>
    </CustomBuild>
    <CustomBuild Include="minerworker-xmrstakcpunotls.h">
      <Filter>Header Files</Filter>
    </CustomBuild>
    <CustomBuild Include="..\minerinterface.h">
      <Filter>Header Files</Filter>
    </CustomBuild>
    <CustomBuild Include="..\minerworkerinterface.h">
      <Filter>Header Files</Filter>
    </CustomBuild>
  </ItemGroup>
  <ItemGroup>
    <ClInclude Include="..\common\poolcredentials.h">
      <Filter>Header Files</Filter>
    </ClInclude>
    <ClInclude Include="log.h">
      <Filter>Header Files</Filter>
    </ClInclude>
    <ClInclude Include="..\minerworkercommon.h">
      <Filter>Header Files</Filter>
    </ClInclude>
    <ClInclude Include="resource.h">
      <Filter>Header Files</Filter>
    </ClInclude>
    <ClInclude Include="..\..\common\mineroptions.h">
      <Filter>Header Files</Filter>
    </ClInclude>
  </ItemGroup>
  <ItemGroup>
    <ResourceCompile Include="miner-xmrstakcpunotls.rc">
      <Filter>Resource Files</Filter>
    </ResourceCompile>
  </ItemGroup>
</Project>