<?xml version="1.0" encoding="utf-8"?>
<Project ToolsVersion="4.0" xmlns="http://schemas.microsoft.com/developer/msbuild/2003">
  <ItemGroup>
    <Filter Include="Resource Files">
      <UniqueIdentifier>{D9D6E242-F8AF-46E4-B9FD-80ECBC20BA3E}</UniqueIdentifier>
      <Extensions>qrc;*</Extensions>
      <ParseFiles>false</ParseFiles>
    </Filter>
    <Filter Include="Source Files">
      <UniqueIdentifier>{6103e805-ffe4-455d-9dd5-72056e89af09}</UniqueIdentifier>
    </Filter>
    <Filter Include="Header Files">
      <UniqueIdentifier>{e3c394a5-ac82-4af3-bc37-ab955783fdd4}</UniqueIdentifier>
    </Filter>
    <Filter Include="Generated Files">
      <UniqueIdentifier>{71ED8ED8-ACB9-4CE9-BBE1-E00B30144E11}</UniqueIdentifier>
      <Extensions>moc;h;cpp</Extensions>
      <ParseFiles>true</ParseFiles>
    </Filter>
  </ItemGroup>
  <ItemGroup>
    <ClCompile Include="miner-ethminer.cpp">
      <Filter>Source Files</Filter>
    </ClCompile>
    <ClCompile Include="..\..\..\..\intermediate\miner-ethminer\Debug\moc_minerinterface.cpp">
      <Filter>Generated Files</Filter>
    </ClCompile>
    <ClCompile Include="..\..\..\..\intermediate\miner-ethminer\Release\moc_minerinterface.cpp">
      <Filter>Generated Files</Filter>
    </ClCompile>
    <ClCompile Include="..\..\..\..\intermediate\miner-ethminer\Debug\moc_miner-ethminer.cpp">
      <Filter>Generated Files</Filter>
    </ClCompile>
    <ClCompile Include="..\..\..\..\intermediate\miner-ethminer\Release\moc_miner-ethminer.cpp">
      <Filter>Generated Files</Filter>
    </ClCompile>
    <ClCompile Include="minerworker-ethminer.cpp">
      <Filter>Source Files</Filter>
    </ClCompile>
    <ClCompile Include="..\minerworkercommon.cpp">
      <Filter>Source Files</Filter>
    </ClCompile>
    <ClCompile Include="..\..\..\..\intermediate\miner-ethminer\Debug\moc_minerworker-ethminer.cpp">
      <Filter>Generated Files</Filter>
    </ClCompile>
    <ClCompile Include="..\..\..\..\intermediate\miner-ethminer\Release\moc_minerworker-ethminer.cpp">
      <Filter>Generated Files</Filter>
    </ClCompile>
    <ClCompile Include="..\..\..\..\intermediate\miner-ethminer\Debug\moc_minerworkerinterface.cpp">
      <Filter>Generated Files</Filter>
    </ClCompile>
    <ClCompile Include="..\..\..\..\intermediate\miner-ethminer\Release\moc_minerworkerinterface.cpp">
      <Filter>Generated Files</Filter>
    </ClCompile>
    <ClCompile Include="log.cpp">
      <Filter>Source Files</Filter>
    </ClCompile>
    <ClCompile Include="..\..\common\mineroptions.cpp">
      <Filter>Source Files</Filter>
    </ClCompile>
    <ClCompile Include="..\..\..\..\intermediate\miner-ethminer\Debug\moc_minerworkercommon.cpp">
      <Filter>Generated Files</Filter>
    </ClCompile>
    <ClCompile Include="..\..\..\..\intermediate\miner-ethminer\Release\moc_minerworkercommon.cpp">
      <Filter>Generated Files</Filter>
    </ClCompile>
  </ItemGroup>
  <ItemGroup>
    <CustomBuild Include="miner-ethminer.h">
      <Filter>Header Files</Filter>
    </CustomBuild>
    <CustomBuild Include="..\minerinterface.h">
      <Filter>Header Files</Filter>
    </CustomBuild>
    <CustomBuild Include="..\minerworkerinterface.h">
      <Filter>Header Files</Filter>
    </CustomBuild>
    <CustomBuild Include="minerworker-ethminer.h">
      <Filter>Header Files</Filter>
    </CustomBuild>
    <CustomBuild Include="..\minerworkercommon.h">
      <Filter>Header Files</Filter>
    </CustomBuild>
  </ItemGroup>
  <ItemGroup>
    <ClInclude Include="log.h">
      <Filter>Header Files</Filter>
    </ClInclude>
    <ClInclude Include="..\..\common\mineroptions.h">
      <Filter>Header Files</Filter>
    </ClInclude>
  </ItemGroup>
</Project>